github.com/DDP-Projekt/Kompilierer v0.1.0-alpha h1:+ypGLaIz7vw5G6M2prOn86No4PfXEylkP8Py+vzZVlY=
github.com/DDP-Projekt/Kompilierer v0.1.0-alpha/go.mod h1:OVRSCZNQ8LVV8ZH5TuAGTaf0skO06bgV5Y7Wgvdb+NY=
github.com/kardianos/osext v0.0.0-20190222173326-2bc1f35cddc0 h1:iQTw/8FWTuc7uiaSepXwyf3o52HaUYcV+Tu66S3F5GA=
github.com/kardianos/osext v0.0.0-20190222173326-2bc1f35cddc0/go.mod h1:1NbS8ALrpOvjt0rHPNLyCIeMtbizbir8U//inJ+zuB8=
